
Microsoft Visual Studio Solution File, Format Version 11.00
# Visual Studio 2010
Project("{FAE04EC0-301F-11D3-BF4B-00C04F79EFBC}") = "Responses", "Responses\Responses.csproj", "{3443CCF0-9CA3-46BD-A1D8-5455AA178F0F}"
EndProject
Project("{FAE04EC0-301F-11D3-BF4B-00C04F79EFBC}") = "TradeLink.API", "TradeLinkAPI\TradeLink.API.csproj", "{1B99C9ED-7AF1-4D48-AC9D-A97CF30E1A82}"
EndProject
Project("{FAE04EC0-301F-11D3-BF4B-00C04F79EFBC}") = "TradeLink.Common", "TradeLinkCommon\TradeLink.Common.csproj", "{A0FE06A2-F31B-49DE-8901-917B5D593E43}"
EndProject
Project("{FAE04EC0-301F-11D3-BF4B-00C04F79EFBC}") = "TradeLink.Research", "TradeLinkResearch\TradeLink.Research.csproj", "{BBDF2EFE-BFE6-4880-977B-4724C3A67D76}"
EndProject
Project("{FAE04EC0-301F-11D3-BF4B-00C04F79EFBC}") = "TradeLink.AppKit", "TradeLinkAppKit\TradeLink.AppKit.csproj", "{4581ADEF-B013-4EA9-90C5-D585637008CA}"
EndProject
Project("{FAE04EC0-301F-11D3-BF4B-00C04F79EFBC}") = "ServerCTP", "ServerCTP\ServerCTP.csproj", "{28FDE7F7-B5DD-4B0F-B059-AB0CF18755C3}"
EndProject
Project("{FAE04EC0-301F-11D3-BF4B-00C04F79EFBC}") = "QSTrading", "QSTrading\QSTrading.csproj", "{06FADC87-5885-4DC5-8FF6-A92B3161F678}"
EndProject
Project("{FAE04EC0-301F-11D3-BF4B-00C04F79EFBC}") = "demo1", "demo1\demo1.csproj", "{AD460706-2563-4BC4-806D-E4ADDBAEF1E4}"
EndProject
Project("{FAE04EC0-301F-11D3-BF4B-00C04F79EFBC}") = "TradingLib", "TradingLib\lib\TradingLib\TradingLib.csproj", "{81FFE989-B0E1-4865-89D1-A89C38E2CBF6}"
EndProject
Project("{FAE04EC0-301F-11D3-BF4B-00C04F79EFBC}") = "demo2", "demo2\demo2.csproj", "{772095C3-60D9-4F09-BF95-54B6E0A33491}"
EndProject
Project("{FAE04EC0-301F-11D3-BF4B-00C04F79EFBC}") = "RiskRuleSet", "RiskRuleSet\RiskRuleSet.csproj", "{36EAD8A8-7B1B-4FA7-8A1C-838D064A382C}"
EndProject
Project("{FAE04EC0-301F-11D3-BF4B-00C04F79EFBC}") = "Strategy", "Strategy\Strategy.csproj", "{0A83690C-B93F-46EA-9F45-C4178B81C627}"
EndProject
Project("{2150E333-8FDC-42A3-9474-1A3956D46DE8}") = "update", "update", "{16AE5C92-6A32-4D8A-88A1-24FD13B05C64}"
EndProject
Project("{FAE04EC0-301F-11D3-BF4B-00C04F79EFBC}") = "GDIControl", "GDIControl\GDIControl.csproj", "{0DE9FD0F-E093-4648-ABF3-B56ABD60117C}"
EndProject
Project("{FAE04EC0-301F-11D3-BF4B-00C04F79EFBC}") = "Ant.Component", "update\Ant.Component\Ant.Component.csproj", "{21BE10DE-C065-4442-98DF-9AA7C1B5C0E4}"
EndProject
Project("{FAE04EC0-301F-11D3-BF4B-00C04F79EFBC}") = "Ant.Manager", "update\Ant.Manager\Ant.Manager.csproj", "{0F85428B-E036-4AEA-957F-7DAE9572EDEA}"
EndProject
Project("{FAE04EC0-301F-11D3-BF4B-00C04F79EFBC}") = "Ant.Server", "update\Ant.Server\Ant.Server.csproj", "{86D2D015-EF66-41E0-874F-58685307203D}"
EndProject
Project("{FAE04EC0-301F-11D3-BF4B-00C04F79EFBC}") = "Ant.Update", "update\Ant.Update\Ant.Update.csproj", "{4AB4670B-1C99-41F5-943F-E121385B4E56}"
EndProject
Project("{2150E333-8FDC-42A3-9474-1A3956D46DE8}") = "Strategys", "Strategys", "{63E1E539-BBD9-4F24-8B82-EC40B74E44FB}"
EndProject
Project("{2150E333-8FDC-42A3-9474-1A3956D46DE8}") = "Lib", "Lib", "{200EF317-FE3F-414F-B900-D1203F29D884}"
EndProject
Project("{FAE04EC0-301F-11D3-BF4B-00C04F79EFBC}") = "demo3", "demo3\demo3.csproj", "{FB0537F7-49EE-40FE-8A71-3D2686C503AC}"
EndProject
Project("{FAE04EC0-301F-11D3-BF4B-00C04F79EFBC}") = "CTP_交易终端_海风", "CTPTraderDemo\CTP_交易终端_海风.csproj", "{55B61130-98B2-42FB-9D04-DD8A2589217A}"
EndProject
Project("{8BC9CEB8-8B4A-11D0-8D11-00A0C91BC942}") = "CTP", "CTP_Lib\CTP\CTP.vcxproj", "{8699610F-2930-4521-95E7-76B1D72B8B8E}"
EndProject
Global
	GlobalSection(SolutionConfigurationPlatforms) = preSolution
		Debug|Any CPU = Debug|Any CPU
		Debug|Mixed Platforms = Debug|Mixed Platforms
		Debug|Win32 = Debug|Win32
		Debug|x64 = Debug|x64
		Debug|x86 = Debug|x86
		Release|Any CPU = Release|Any CPU
		Release|Mixed Platforms = Release|Mixed Platforms
		Release|Win32 = Release|Win32
		Release|x64 = Release|x64
		Release|x86 = Release|x86
	EndGlobalSection
	GlobalSection(ProjectConfigurationPlatforms) = postSolution
		{3443CCF0-9CA3-46BD-A1D8-5455AA178F0F}.Debug|Any CPU.ActiveCfg = Debug|Any CPU
		{3443CCF0-9CA3-46BD-A1D8-5455AA178F0F}.Debug|Any CPU.Build.0 = Debug|Any CPU
		{3443CCF0-9CA3-46BD-A1D8-5455AA178F0F}.Debug|Mixed Platforms.ActiveCfg = Debug|x64
		{3443CCF0-9CA3-46BD-A1D8-5455AA178F0F}.Debug|Mixed Platforms.Build.0 = Debug|x64
		{3443CCF0-9CA3-46BD-A1D8-5455AA178F0F}.Debug|Win32.ActiveCfg = Debug|x64
		{3443CCF0-9CA3-46BD-A1D8-5455AA178F0F}.Debug|x64.ActiveCfg = Debug|x64
		{3443CCF0-9CA3-46BD-A1D8-5455AA178F0F}.Debug|x64.Build.0 = Debug|x64
		{3443CCF0-9CA3-46BD-A1D8-5455AA178F0F}.Debug|x86.ActiveCfg = Debug|x86
		{3443CCF0-9CA3-46BD-A1D8-5455AA178F0F}.Debug|x86.Build.0 = Debug|x86
		{3443CCF0-9CA3-46BD-A1D8-5455AA178F0F}.Release|Any CPU.ActiveCfg = Release|Any CPU
		{3443CCF0-9CA3-46BD-A1D8-5455AA178F0F}.Release|Any CPU.Build.0 = Release|Any CPU
		{3443CCF0-9CA3-46BD-A1D8-5455AA178F0F}.Release|Mixed Platforms.ActiveCfg = Release|x64
		{3443CCF0-9CA3-46BD-A1D8-5455AA178F0F}.Release|Win32.ActiveCfg = Release|x64
		{3443CCF0-9CA3-46BD-A1D8-5455AA178F0F}.Release|x64.ActiveCfg = Release|x64
		{3443CCF0-9CA3-46BD-A1D8-5455AA178F0F}.Release|x64.Build.0 = Release|x64
		{3443CCF0-9CA3-46BD-A1D8-5455AA178F0F}.Release|x86.ActiveCfg = Release|x86
		{3443CCF0-9CA3-46BD-A1D8-5455AA178F0F}.Release|x86.Build.0 = Release|x86
		{1B99C9ED-7AF1-4D48-AC9D-A97CF30E1A82}.Debug|Any CPU.ActiveCfg = Debug|Any CPU
		{1B99C9ED-7AF1-4D48-AC9D-A97CF30E1A82}.Debug|Any CPU.Build.0 = Debug|Any CPU
		{1B99C9ED-7AF1-4D48-AC9D-A97CF30E1A82}.Debug|Mixed Platforms.ActiveCfg = Debug|x86
		{1B99C9ED-7AF1-4D48-AC9D-A97CF30E1A82}.Debug|Mixed Platforms.Build.0 = Debug|x86
		{1B99C9ED-7AF1-4D48-AC9D-A97CF30E1A82}.Debug|Win32.ActiveCfg = Debug|x64
		{1B99C9ED-7AF1-4D48-AC9D-A97CF30E1A82}.Debug|x64.ActiveCfg = Debug|x64
		{1B99C9ED-7AF1-4D48-AC9D-A97CF30E1A82}.Debug|x64.Build.0 = Debug|x64
		{1B99C9ED-7AF1-4D48-AC9D-A97CF30E1A82}.Debug|x86.ActiveCfg = Debug|x86
		{1B99C9ED-7AF1-4D48-AC9D-A97CF30E1A82}.Debug|x86.Build.0 = Debug|x86
		{1B99C9ED-7AF1-4D48-AC9D-A97CF30E1A82}.Release|Any CPU.ActiveCfg = Release|Any CPU
		{1B99C9ED-7AF1-4D48-AC9D-A97CF30E1A82}.Release|Any CPU.Build.0 = Release|Any CPU
		{1B99C9ED-7AF1-4D48-AC9D-A97CF30E1A82}.Release|Mixed Platforms.ActiveCfg = Release|Any CPU
		{1B99C9ED-7AF1-4D48-AC9D-A97CF30E1A82}.Release|Mixed Platforms.Build.0 = Release|Any CPU
		{1B99C9ED-7AF1-4D48-AC9D-A97CF30E1A82}.Release|Win32.ActiveCfg = Release|x64
		{1B99C9ED-7AF1-4D48-AC9D-A97CF30E1A82}.Release|x64.ActiveCfg = Release|x64
		{1B99C9ED-7AF1-4D48-AC9D-A97CF30E1A82}.Release|x64.Build.0 = Release|x64
		{1B99C9ED-7AF1-4D48-AC9D-A97CF30E1A82}.Release|x86.ActiveCfg = Release|x86
		{1B99C9ED-7AF1-4D48-AC9D-A97CF30E1A82}.Release|x86.Build.0 = Release|x86
		{A0FE06A2-F31B-49DE-8901-917B5D593E43}.Debug|Any CPU.ActiveCfg = Debug|Any CPU
		{A0FE06A2-F31B-49DE-8901-917B5D593E43}.Debug|Any CPU.Build.0 = Debug|Any CPU
		{A0FE06A2-F31B-49DE-8901-917B5D593E43}.Debug|Mixed Platforms.ActiveCfg = Debug|x86
		{A0FE06A2-F31B-49DE-8901-917B5D593E43}.Debug|Mixed Platforms.Build.0 = Debug|x86
		{A0FE06A2-F31B-49DE-8901-917B5D593E43}.Debug|Win32.ActiveCfg = Debug|x64
		{A0FE06A2-F31B-49DE-8901-917B5D593E43}.Debug|x64.ActiveCfg = Debug|x64
		{A0FE06A2-F31B-49DE-8901-917B5D593E43}.Debug|x64.Build.0 = Debug|x64
		{A0FE06A2-F31B-49DE-8901-917B5D593E43}.Debug|x86.ActiveCfg = Debug|x86
		{A0FE06A2-F31B-49DE-8901-917B5D593E43}.Debug|x86.Build.0 = Debug|x86
		{A0FE06A2-F31B-49DE-8901-917B5D593E43}.Release|Any CPU.ActiveCfg = Release|Any CPU
		{A0FE06A2-F31B-49DE-8901-917B5D593E43}.Release|Any CPU.Build.0 = Release|Any CPU
		{A0FE06A2-F31B-49DE-8901-917B5D593E43}.Release|Mixed Platforms.ActiveCfg = Release|Any CPU
		{A0FE06A2-F31B-49DE-8901-917B5D593E43}.Release|Mixed Platforms.Build.0 = Release|Any CPU
		{A0FE06A2-F31B-49DE-8901-917B5D593E43}.Release|Win32.ActiveCfg = Release|x64
		{A0FE06A2-F31B-49DE-8901-917B5D593E43}.Release|x64.ActiveCfg = Release|x64
		{A0FE06A2-F31B-49DE-8901-917B5D593E43}.Release|x64.Build.0 = Release|x64
		{A0FE06A2-F31B-49DE-8901-917B5D593E43}.Release|x86.ActiveCfg = Release|x86
		{A0FE06A2-F31B-49DE-8901-917B5D593E43}.Release|x86.Build.0 = Release|x86
		{BBDF2EFE-BFE6-4880-977B-4724C3A67D76}.Debug|Any CPU.ActiveCfg = Debug|Any CPU
		{BBDF2EFE-BFE6-4880-977B-4724C3A67D76}.Debug|Any CPU.Build.0 = Debug|Any CPU
		{BBDF2EFE-BFE6-4880-977B-4724C3A67D76}.Debug|Mixed Platforms.ActiveCfg = Debug|x86
		{BBDF2EFE-BFE6-4880-977B-4724C3A67D76}.Debug|Mixed Platforms.Build.0 = Debug|x86
		{BBDF2EFE-BFE6-4880-977B-4724C3A67D76}.Debug|Win32.ActiveCfg = Debug|x64
		{BBDF2EFE-BFE6-4880-977B-4724C3A67D76}.Debug|x64.ActiveCfg = Debug|x64
		{BBDF2EFE-BFE6-4880-977B-4724C3A67D76}.Debug|x64.Build.0 = Debug|x64
		{BBDF2EFE-BFE6-4880-977B-4724C3A67D76}.Debug|x86.ActiveCfg = Debug|x86
		{BBDF2EFE-BFE6-4880-977B-4724C3A67D76}.Debug|x86.Build.0 = Debug|x86
		{BBDF2EFE-BFE6-4880-977B-4724C3A67D76}.Release|Any CPU.ActiveCfg = Release|Any CPU
		{BBDF2EFE-BFE6-4880-977B-4724C3A67D76}.Release|Any CPU.Build.0 = Release|Any CPU
		{BBDF2EFE-BFE6-4880-977B-4724C3A67D76}.Release|Mixed Platforms.ActiveCfg = Release|x64
		{BBDF2EFE-BFE6-4880-977B-4724C3A67D76}.Release|Win32.ActiveCfg = Release|x64
		{BBDF2EFE-BFE6-4880-977B-4724C3A67D76}.Release|x64.ActiveCfg = Release|x64
		{BBDF2EFE-BFE6-4880-977B-4724C3A67D76}.Release|x64.Build.0 = Release|x64
		{BBDF2EFE-BFE6-4880-977B-4724C3A67D76}.Release|x86.ActiveCfg = Release|x86
		{BBDF2EFE-BFE6-4880-977B-4724C3A67D76}.Release|x86.Build.0 = Release|x86
		{4581ADEF-B013-4EA9-90C5-D585637008CA}.Debug|Any CPU.ActiveCfg = Debug|Any CPU
		{4581ADEF-B013-4EA9-90C5-D585637008CA}.Debug|Any CPU.Build.0 = Debug|Any CPU
		{4581ADEF-B013-4EA9-90C5-D585637008CA}.Debug|Mixed Platforms.ActiveCfg = Debug|x86
		{4581ADEF-B013-4EA9-90C5-D585637008CA}.Debug|Mixed Platforms.Build.0 = Debug|x86
		{4581ADEF-B013-4EA9-90C5-D585637008CA}.Debug|Win32.ActiveCfg = Debug|x64
		{4581ADEF-B013-4EA9-90C5-D585637008CA}.Debug|x64.ActiveCfg = Debug|x64
		{4581ADEF-B013-4EA9-90C5-D585637008CA}.Debug|x64.Build.0 = Debug|x64
		{4581ADEF-B013-4EA9-90C5-D585637008CA}.Debug|x86.ActiveCfg = Debug|x86
		{4581ADEF-B013-4EA9-90C5-D585637008CA}.Debug|x86.Build.0 = Debug|x86
		{4581ADEF-B013-4EA9-90C5-D585637008CA}.Release|Any CPU.ActiveCfg = Release|Any CPU
		{4581ADEF-B013-4EA9-90C5-D585637008CA}.Release|Any CPU.Build.0 = Release|Any CPU
		{4581ADEF-B013-4EA9-90C5-D585637008CA}.Release|Mixed Platforms.ActiveCfg = Release|Any CPU
		{4581ADEF-B013-4EA9-90C5-D585637008CA}.Release|Mixed Platforms.Build.0 = Release|Any CPU
		{4581ADEF-B013-4EA9-90C5-D585637008CA}.Release|Win32.ActiveCfg = Release|x64
		{4581ADEF-B013-4EA9-90C5-D585637008CA}.Release|x64.ActiveCfg = Release|x64
		{4581ADEF-B013-4EA9-90C5-D585637008CA}.Release|x64.Build.0 = Release|x64
		{4581ADEF-B013-4EA9-90C5-D585637008CA}.Release|x86.ActiveCfg = Release|x86
		{4581ADEF-B013-4EA9-90C5-D585637008CA}.Release|x86.Build.0 = Release|x86
		{28FDE7F7-B5DD-4B0F-B059-AB0CF18755C3}.Debug|Any CPU.ActiveCfg = Debug|Any CPU
		{28FDE7F7-B5DD-4B0F-B059-AB0CF18755C3}.Debug|Any CPU.Build.0 = Debug|Any CPU
		{28FDE7F7-B5DD-4B0F-B059-AB0CF18755C3}.Debug|Mixed Platforms.ActiveCfg = Debug|x64
		{28FDE7F7-B5DD-4B0F-B059-AB0CF18755C3}.Debug|Mixed Platforms.Build.0 = Debug|x64
		{28FDE7F7-B5DD-4B0F-B059-AB0CF18755C3}.Debug|Win32.ActiveCfg = Debug|x64
		{28FDE7F7-B5DD-4B0F-B059-AB0CF18755C3}.Debug|x64.ActiveCfg = Debug|x64
		{28FDE7F7-B5DD-4B0F-B059-AB0CF18755C3}.Debug|x64.Build.0 = Debug|x64
		{28FDE7F7-B5DD-4B0F-B059-AB0CF18755C3}.Debug|x86.ActiveCfg = Debug|x86
		{28FDE7F7-B5DD-4B0F-B059-AB0CF18755C3}.Debug|x86.Build.0 = Debug|x86
		{28FDE7F7-B5DD-4B0F-B059-AB0CF18755C3}.Release|Any CPU.ActiveCfg = Release|Any CPU
		{28FDE7F7-B5DD-4B0F-B059-AB0CF18755C3}.Release|Any CPU.Build.0 = Release|Any CPU
		{28FDE7F7-B5DD-4B0F-B059-AB0CF18755C3}.Release|Mixed Platforms.ActiveCfg = Release|Any CPU
		{28FDE7F7-B5DD-4B0F-B059-AB0CF18755C3}.Release|Win32.ActiveCfg = Release|x64
		{28FDE7F7-B5DD-4B0F-B059-AB0CF18755C3}.Release|x64.ActiveCfg = Release|x64
		{28FDE7F7-B5DD-4B0F-B059-AB0CF18755C3}.Release|x64.Build.0 = Release|x64
		{28FDE7F7-B5DD-4B0F-B059-AB0CF18755C3}.Release|x86.ActiveCfg = Release|x86
		{28FDE7F7-B5DD-4B0F-B059-AB0CF18755C3}.Release|x86.Build.0 = Release|x86
		{06FADC87-5885-4DC5-8FF6-A92B3161F678}.Debug|Any CPU.ActiveCfg = Debug|x86
		{06FADC87-5885-4DC5-8FF6-A92B3161F678}.Debug|Mixed Platforms.ActiveCfg = Debug|x86
		{06FADC87-5885-4DC5-8FF6-A92B3161F678}.Debug|Mixed Platforms.Build.0 = Debug|x86
		{06FADC87-5885-4DC5-8FF6-A92B3161F678}.Debug|Win32.ActiveCfg = Debug|x86
		{06FADC87-5885-4DC5-8FF6-A92B3161F678}.Debug|x64.ActiveCfg = Debug|x86
		{06FADC87-5885-4DC5-8FF6-A92B3161F678}.Debug|x86.ActiveCfg = Debug|x86
		{06FADC87-5885-4DC5-8FF6-A92B3161F678}.Debug|x86.Build.0 = Debug|x86
		{06FADC87-5885-4DC5-8FF6-A92B3161F678}.Release|Any CPU.ActiveCfg = Release|x86
		{06FADC87-5885-4DC5-8FF6-A92B3161F678}.Release|Mixed Platforms.ActiveCfg = Release|x86
		{06FADC87-5885-4DC5-8FF6-A92B3161F678}.Release|Win32.ActiveCfg = Release|x86
		{06FADC87-5885-4DC5-8FF6-A92B3161F678}.Release|x64.ActiveCfg = Release|x86
		{06FADC87-5885-4DC5-8FF6-A92B3161F678}.Release|x86.ActiveCfg = Release|x86
		{06FADC87-5885-4DC5-8FF6-A92B3161F678}.Release|x86.Build.0 = Release|x86
		{AD460706-2563-4BC4-806D-E4ADDBAEF1E4}.Debug|Any CPU.ActiveCfg = Debug|x86
		{AD460706-2563-4BC4-806D-E4ADDBAEF1E4}.Debug|Mixed Platforms.ActiveCfg = Debug|x86
		{AD460706-2563-4BC4-806D-E4ADDBAEF1E4}.Debug|Mixed Platforms.Build.0 = Debug|x86
		{AD460706-2563-4BC4-806D-E4ADDBAEF1E4}.Debug|Win32.ActiveCfg = Debug|x86
		{AD460706-2563-4BC4-806D-E4ADDBAEF1E4}.Debug|x64.ActiveCfg = Debug|x86
		{AD460706-2563-4BC4-806D-E4ADDBAEF1E4}.Debug|x86.ActiveCfg = Debug|x86
		{AD460706-2563-4BC4-806D-E4ADDBAEF1E4}.Debug|x86.Build.0 = Debug|x86
		{AD460706-2563-4BC4-806D-E4ADDBAEF1E4}.Release|Any CPU.ActiveCfg = Release|x86
		{AD460706-2563-4BC4-806D-E4ADDBAEF1E4}.Release|Mixed Platforms.ActiveCfg = Release|x86
		{AD460706-2563-4BC4-806D-E4ADDBAEF1E4}.Release|Win32.ActiveCfg = Release|x86
		{AD460706-2563-4BC4-806D-E4ADDBAEF1E4}.Release|x64.ActiveCfg = Release|x86
		{AD460706-2563-4BC4-806D-E4ADDBAEF1E4}.Release|x86.ActiveCfg = Release|x86
		{AD460706-2563-4BC4-806D-E4ADDBAEF1E4}.Release|x86.Build.0 = Release|x86
		{81FFE989-B0E1-4865-89D1-A89C38E2CBF6}.Debug|Any CPU.ActiveCfg = Debug|Any CPU
		{81FFE989-B0E1-4865-89D1-A89C38E2CBF6}.Debug|Any CPU.Build.0 = Debug|Any CPU
		{81FFE989-B0E1-4865-89D1-A89C38E2CBF6}.Debug|Mixed Platforms.ActiveCfg = Debug|Any CPU
		{81FFE989-B0E1-4865-89D1-A89C38E2CBF6}.Debug|Mixed Platforms.Build.0 = Debug|Any CPU
		{81FFE989-B0E1-4865-89D1-A89C38E2CBF6}.Debug|Win32.ActiveCfg = Debug|Any CPU
		{81FFE989-B0E1-4865-89D1-A89C38E2CBF6}.Debug|x64.ActiveCfg = Debug|Any CPU
		{81FFE989-B0E1-4865-89D1-A89C38E2CBF6}.Debug|x86.ActiveCfg = Debug|Any CPU
		{81FFE989-B0E1-4865-89D1-A89C38E2CBF6}.Release|Any CPU.ActiveCfg = Release|Any CPU
		{81FFE989-B0E1-4865-89D1-A89C38E2CBF6}.Release|Any CPU.Build.0 = Release|Any CPU
		{81FFE989-B0E1-4865-89D1-A89C38E2CBF6}.Release|Mixed Platforms.ActiveCfg = Release|Any CPU
		{81FFE989-B0E1-4865-89D1-A89C38E2CBF6}.Release|Win32.ActiveCfg = Release|Any CPU
		{81FFE989-B0E1-4865-89D1-A89C38E2CBF6}.Release|x64.ActiveCfg = Release|Any CPU
		{81FFE989-B0E1-4865-89D1-A89C38E2CBF6}.Release|x86.ActiveCfg = Release|Any CPU
		{772095C3-60D9-4F09-BF95-54B6E0A33491}.Debug|Any CPU.ActiveCfg = Debug|x86
		{772095C3-60D9-4F09-BF95-54B6E0A33491}.Debug|Mixed Platforms.ActiveCfg = Debug|x86
		{772095C3-60D9-4F09-BF95-54B6E0A33491}.Debug|Mixed Platforms.Build.0 = Debug|x86
		{772095C3-60D9-4F09-BF95-54B6E0A33491}.Debug|Win32.ActiveCfg = Debug|x86
		{772095C3-60D9-4F09-BF95-54B6E0A33491}.Debug|x64.ActiveCfg = Debug|x86
		{772095C3-60D9-4F09-BF95-54B6E0A33491}.Debug|x86.ActiveCfg = Debug|x86
		{772095C3-60D9-4F09-BF95-54B6E0A33491}.Debug|x86.Build.0 = Debug|x86
		{772095C3-60D9-4F09-BF95-54B6E0A33491}.Release|Any CPU.ActiveCfg = Release|x86
		{772095C3-60D9-4F09-BF95-54B6E0A33491}.Release|Mixed Platforms.ActiveCfg = Release|x86
		{772095C3-60D9-4F09-BF95-54B6E0A33491}.Release|Win32.ActiveCfg = Release|x86
		{772095C3-60D9-4F09-BF95-54B6E0A33491}.Release|x64.ActiveCfg = Release|x86
		{772095C3-60D9-4F09-BF95-54B6E0A33491}.Release|x86.ActiveCfg = Release|x86
		{772095C3-60D9-4F09-BF95-54B6E0A33491}.Release|x86.Build.0 = Release|x86
		{36EAD8A8-7B1B-4FA7-8A1C-838D064A382C}.Debug|Any CPU.ActiveCfg = Debug|Any CPU
		{36EAD8A8-7B1B-4FA7-8A1C-838D064A382C}.Debug|Any CPU.Build.0 = Debug|Any CPU
		{36EAD8A8-7B1B-4FA7-8A1C-838D064A382C}.Debug|Mixed Platforms.ActiveCfg = Debug|Any CPU
		{36EAD8A8-7B1B-4FA7-8A1C-838D064A382C}.Debug|Mixed Platforms.Build.0 = Debug|Any CPU
		{36EAD8A8-7B1B-4FA7-8A1C-838D064A382C}.Debug|Win32.ActiveCfg = Debug|Any CPU
		{36EAD8A8-7B1B-4FA7-8A1C-838D064A382C}.Debug|x64.ActiveCfg = Debug|Any CPU
		{36EAD8A8-7B1B-4FA7-8A1C-838D064A382C}.Debug|x86.ActiveCfg = Debug|Any CPU
		{36EAD8A8-7B1B-4FA7-8A1C-838D064A382C}.Release|Any CPU.ActiveCfg = Release|Any CPU
		{36EAD8A8-7B1B-4FA7-8A1C-838D064A382C}.Release|Any CPU.Build.0 = Release|Any CPU
		{36EAD8A8-7B1B-4FA7-8A1C-838D064A382C}.Release|Mixed Platforms.ActiveCfg = Release|Any CPU
		{36EAD8A8-7B1B-4FA7-8A1C-838D064A382C}.Release|Win32.ActiveCfg = Release|Any CPU
		{36EAD8A8-7B1B-4FA7-8A1C-838D064A382C}.Release|x64.ActiveCfg = Release|Any CPU
		{36EAD8A8-7B1B-4FA7-8A1C-838D064A382C}.Release|x86.ActiveCfg = Release|Any CPU
		{0A83690C-B93F-46EA-9F45-C4178B81C627}.Debug|Any CPU.ActiveCfg = Debug|Any CPU
		{0A83690C-B93F-46EA-9F45-C4178B81C627}.Debug|Any CPU.Build.0 = Debug|Any CPU
		{0A83690C-B93F-46EA-9F45-C4178B81C627}.Debug|Mixed Platforms.ActiveCfg = Debug|Any CPU
		{0A83690C-B93F-46EA-9F45-C4178B81C627}.Debug|Mixed Platforms.Build.0 = Debug|Any CPU
		{0A83690C-B93F-46EA-9F45-C4178B81C627}.Debug|Win32.ActiveCfg = Debug|Any CPU
		{0A83690C-B93F-46EA-9F45-C4178B81C627}.Debug|x64.ActiveCfg = Debug|Any CPU
		{0A83690C-B93F-46EA-9F45-C4178B81C627}.Debug|x86.ActiveCfg = Debug|Any CPU
		{0A83690C-B93F-46EA-9F45-C4178B81C627}.Release|Any CPU.ActiveCfg = Release|Any CPU
		{0A83690C-B93F-46EA-9F45-C4178B81C627}.Release|Any CPU.Build.0 = Release|Any CPU
		{0A83690C-B93F-46EA-9F45-C4178B81C627}.Release|Mixed Platforms.ActiveCfg = Release|Any CPU
		{0A83690C-B93F-46EA-9F45-C4178B81C627}.Release|Win32.ActiveCfg = Release|Any CPU
		{0A83690C-B93F-46EA-9F45-C4178B81C627}.Release|x64.ActiveCfg = Release|Any CPU
		{0A83690C-B93F-46EA-9F45-C4178B81C627}.Release|x86.ActiveCfg = Release|Any CPU
		{0DE9FD0F-E093-4648-ABF3-B56ABD60117C}.Debug|Any CPU.ActiveCfg = Debug|Any CPU
		{0DE9FD0F-E093-4648-ABF3-B56ABD60117C}.Debug|Any CPU.Build.0 = Debug|Any CPU
		{0DE9FD0F-E093-4648-ABF3-B56ABD60117C}.Debug|Mixed Platforms.ActiveCfg = Debug|Any CPU
		{0DE9FD0F-E093-4648-ABF3-B56ABD60117C}.Debug|Mixed Platforms.Build.0 = Debug|Any CPU
		{0DE9FD0F-E093-4648-ABF3-B56ABD60117C}.Debug|Win32.ActiveCfg = Debug|Any CPU
		{0DE9FD0F-E093-4648-ABF3-B56ABD60117C}.Debug|x64.ActiveCfg = Debug|Any CPU
		{0DE9FD0F-E093-4648-ABF3-B56ABD60117C}.Debug|x86.ActiveCfg = Debug|Any CPU
		{0DE9FD0F-E093-4648-ABF3-B56ABD60117C}.Release|Any CPU.ActiveCfg = Release|Any CPU
		{0DE9FD0F-E093-4648-ABF3-B56ABD60117C}.Release|Any CPU.Build.0 = Release|Any CPU
		{0DE9FD0F-E093-4648-ABF3-B56ABD60117C}.Release|Mixed Platforms.ActiveCfg = Release|Any CPU
		{0DE9FD0F-E093-4648-ABF3-B56ABD60117C}.Release|Mixed Platforms.Build.0 = Release|Any CPU
		{0DE9FD0F-E093-4648-ABF3-B56ABD60117C}.Release|Win32.ActiveCfg = Release|Any CPU
		{0DE9FD0F-E093-4648-ABF3-B56ABD60117C}.Release|x64.ActiveCfg = Release|Any CPU
		{0DE9FD0F-E093-4648-ABF3-B56ABD60117C}.Release|x86.ActiveCfg = Release|Any CPU
		{21BE10DE-C065-4442-98DF-9AA7C1B5C0E4}.Debug|Any CPU.ActiveCfg = Debug|Any CPU
		{21BE10DE-C065-4442-98DF-9AA7C1B5C0E4}.Debug|Any CPU.Build.0 = Debug|Any CPU
		{21BE10DE-C065-4442-98DF-9AA7C1B5C0E4}.Debug|Mixed Platforms.ActiveCfg = Debug|Any CPU
		{21BE10DE-C065-4442-98DF-9AA7C1B5C0E4}.Debug|Mixed Platforms.Build.0 = Debug|Any CPU
		{21BE10DE-C065-4442-98DF-9AA7C1B5C0E4}.Debug|Win32.ActiveCfg = Debug|Any CPU
		{21BE10DE-C065-4442-98DF-9AA7C1B5C0E4}.Debug|x64.ActiveCfg = Debug|Any CPU
		{21BE10DE-C065-4442-98DF-9AA7C1B5C0E4}.Debug|x86.ActiveCfg = Debug|Any CPU
		{21BE10DE-C065-4442-98DF-9AA7C1B5C0E4}.Release|Any CPU.ActiveCfg = Release|Any CPU
		{21BE10DE-C065-4442-98DF-9AA7C1B5C0E4}.Release|Any CPU.Build.0 = Release|Any CPU
		{21BE10DE-C065-4442-98DF-9AA7C1B5C0E4}.Release|Mixed Platforms.ActiveCfg = Release|Any CPU
		{21BE10DE-C065-4442-98DF-9AA7C1B5C0E4}.Release|Mixed Platforms.Build.0 = Release|Any CPU
		{21BE10DE-C065-4442-98DF-9AA7C1B5C0E4}.Release|Win32.ActiveCfg = Release|Any CPU
		{21BE10DE-C065-4442-98DF-9AA7C1B5C0E4}.Release|x64.ActiveCfg = Release|Any CPU
		{21BE10DE-C065-4442-98DF-9AA7C1B5C0E4}.Release|x86.ActiveCfg = Release|Any CPU
		{0F85428B-E036-4AEA-957F-7DAE9572EDEA}.Debug|Any CPU.ActiveCfg = Debug|x86
		{0F85428B-E036-4AEA-957F-7DAE9572EDEA}.Debug|Mixed Platforms.ActiveCfg = Debug|x86
		{0F85428B-E036-4AEA-957F-7DAE9572EDEA}.Debug|Mixed Platforms.Build.0 = Debug|x86
		{0F85428B-E036-4AEA-957F-7DAE9572EDEA}.Debug|Win32.ActiveCfg = Debug|x86
		{0F85428B-E036-4AEA-957F-7DAE9572EDEA}.Debug|x64.ActiveCfg = Debug|x86
		{0F85428B-E036-4AEA-957F-7DAE9572EDEA}.Debug|x86.ActiveCfg = Debug|x86
		{0F85428B-E036-4AEA-957F-7DAE9572EDEA}.Debug|x86.Build.0 = Debug|x86
		{0F85428B-E036-4AEA-957F-7DAE9572EDEA}.Release|Any CPU.ActiveCfg = Release|x86
		{0F85428B-E036-4AEA-957F-7DAE9572EDEA}.Release|Mixed Platforms.ActiveCfg = Release|x86
		{0F85428B-E036-4AEA-957F-7DAE9572EDEA}.Release|Mixed Platforms.Build.0 = Release|x86
		{0F85428B-E036-4AEA-957F-7DAE9572EDEA}.Release|Win32.ActiveCfg = Release|x86
		{0F85428B-E036-4AEA-957F-7DAE9572EDEA}.Release|x64.ActiveCfg = Release|x86
		{0F85428B-E036-4AEA-957F-7DAE9572EDEA}.Release|x86.ActiveCfg = Release|x86
		{0F85428B-E036-4AEA-957F-7DAE9572EDEA}.Release|x86.Build.0 = Release|x86
		{86D2D015-EF66-41E0-874F-58685307203D}.Debug|Any CPU.ActiveCfg = Debug|x86
		{86D2D015-EF66-41E0-874F-58685307203D}.Debug|Mixed Platforms.ActiveCfg = Debug|x86
		{86D2D015-EF66-41E0-874F-58685307203D}.Debug|Mixed Platforms.Build.0 = Debug|x86
		{86D2D015-EF66-41E0-874F-58685307203D}.Debug|Win32.ActiveCfg = Debug|x86
		{86D2D015-EF66-41E0-874F-58685307203D}.Debug|x64.ActiveCfg = Debug|x86
		{86D2D015-EF66-41E0-874F-58685307203D}.Debug|x86.ActiveCfg = Debug|x86
		{86D2D015-EF66-41E0-874F-58685307203D}.Debug|x86.Build.0 = Debug|x86
		{86D2D015-EF66-41E0-874F-58685307203D}.Release|Any CPU.ActiveCfg = Release|x86
		{86D2D015-EF66-41E0-874F-58685307203D}.Release|Mixed Platforms.ActiveCfg = Release|x86
		{86D2D015-EF66-41E0-874F-58685307203D}.Release|Mixed Platforms.Build.0 = Release|x86
		{86D2D015-EF66-41E0-874F-58685307203D}.Release|Win32.ActiveCfg = Release|x86
		{86D2D015-EF66-41E0-874F-58685307203D}.Release|x64.ActiveCfg = Release|x86
		{86D2D015-EF66-41E0-874F-58685307203D}.Release|x86.ActiveCfg = Release|x86
		{86D2D015-EF66-41E0-874F-58685307203D}.Release|x86.Build.0 = Release|x86
		{4AB4670B-1C99-41F5-943F-E121385B4E56}.Debug|Any CPU.ActiveCfg = Debug|x86
		{4AB4670B-1C99-41F5-943F-E121385B4E56}.Debug|Mixed Platforms.ActiveCfg = Debug|x86
		{4AB4670B-1C99-41F5-943F-E121385B4E56}.Debug|Mixed Platforms.Build.0 = Debug|x86
		{4AB4670B-1C99-41F5-943F-E121385B4E56}.Debug|Win32.ActiveCfg = Debug|x86
		{4AB4670B-1C99-41F5-943F-E121385B4E56}.Debug|x64.ActiveCfg = Debug|x86
		{4AB4670B-1C99-41F5-943F-E121385B4E56}.Debug|x86.ActiveCfg = Debug|x86
		{4AB4670B-1C99-41F5-943F-E121385B4E56}.Debug|x86.Build.0 = Debug|x86
		{4AB4670B-1C99-41F5-943F-E121385B4E56}.Release|Any CPU.ActiveCfg = Release|x86
		{4AB4670B-1C99-41F5-943F-E121385B4E56}.Release|Mixed Platforms.ActiveCfg = Release|x86
		{4AB4670B-1C99-41F5-943F-E121385B4E56}.Release|Mixed Platforms.Build.0 = Release|x86
		{4AB4670B-1C99-41F5-943F-E121385B4E56}.Release|Win32.ActiveCfg = Release|x86
		{4AB4670B-1C99-41F5-943F-E121385B4E56}.Release|x64.ActiveCfg = Release|x86
		{4AB4670B-1C99-41F5-943F-E121385B4E56}.Release|x86.ActiveCfg = Release|x86
		{4AB4670B-1C99-41F5-943F-E121385B4E56}.Release|x86.Build.0 = Release|x86
		{FB0537F7-49EE-40FE-8A71-3D2686C503AC}.Debug|Any CPU.ActiveCfg = Debug|x86
		{FB0537F7-49EE-40FE-8A71-3D2686C503AC}.Debug|Mixed Platforms.ActiveCfg = Debug|x86
		{FB0537F7-49EE-40FE-8A71-3D2686C503AC}.Debug|Mixed Platforms.Build.0 = Debug|x86
		{FB0537F7-49EE-40FE-8A71-3D2686C503AC}.Debug|Win32.ActiveCfg = Debug|x86
		{FB0537F7-49EE-40FE-8A71-3D2686C503AC}.Debug|x64.ActiveCfg = Debug|x86
		{FB0537F7-49EE-40FE-8A71-3D2686C503AC}.Debug|x86.ActiveCfg = Debug|x86
		{FB0537F7-49EE-40FE-8A71-3D2686C503AC}.Debug|x86.Build.0 = Debug|x86
		{FB0537F7-49EE-40FE-8A71-3D2686C503AC}.Release|Any CPU.ActiveCfg = Release|x86
		{FB0537F7-49EE-40FE-8A71-3D2686C503AC}.Release|Mixed Platforms.ActiveCfg = Release|x86
		{FB0537F7-49EE-40FE-8A71-3D2686C503AC}.Release|Mixed Platforms.Build.0 = Release|x86
		{FB0537F7-49EE-40FE-8A71-3D2686C503AC}.Release|Win32.ActiveCfg = Release|x86
		{FB0537F7-49EE-40FE-8A71-3D2686C503AC}.Release|x64.ActiveCfg = Release|x86
		{FB0537F7-49EE-40FE-8A71-3D2686C503AC}.Release|x86.ActiveCfg = Release|x86
		{FB0537F7-49EE-40FE-8A71-3D2686C503AC}.Release|x86.Build.0 = Release|x86
		{55B61130-98B2-42FB-9D04-DD8A2589217A}.Debug|Any CPU.ActiveCfg = Debug|Any CPU
		{55B61130-98B2-42FB-9D04-DD8A2589217A}.Debug|Any CPU.Build.0 = Debug|Any CPU
		{55B61130-98B2-42FB-9D04-DD8A2589217A}.Debug|Mixed Platforms.ActiveCfg = Debug|Any CPU
		{55B61130-98B2-42FB-9D04-DD8A2589217A}.Debug|Mixed Platforms.Build.0 = Debug|Any CPU
		{55B61130-98B2-42FB-9D04-DD8A2589217A}.Debug|Win32.ActiveCfg = Debug|Any CPU
		{55B61130-98B2-42FB-9D04-DD8A2589217A}.Debug|x64.ActiveCfg = Debug|Any CPU
		{55B61130-98B2-42FB-9D04-DD8A2589217A}.Debug|x86.ActiveCfg = Debug|Any CPU
		{55B61130-98B2-42FB-9D04-DD8A2589217A}.Release|Any CPU.ActiveCfg = Release|Any CPU
		{55B61130-98B2-42FB-9D04-DD8A2589217A}.Release|Any CPU.Build.0 = Release|Any CPU
		{55B61130-98B2-42FB-9D04-DD8A2589217A}.Release|Mixed Platforms.ActiveCfg = Release|Any CPU
		{55B61130-98B2-42FB-9D04-DD8A2589217A}.Release|Mixed Platforms.Build.0 = Release|Any CPU
		{55B61130-98B2-42FB-9D04-DD8A2589217A}.Release|Win32.ActiveCfg = Release|Any CPU
		{55B61130-98B2-42FB-9D04-DD8A2589217A}.Release|x64.ActiveCfg = Release|Any CPU
		{55B61130-98B2-42FB-9D04-DD8A2589217A}.Release|x86.ActiveCfg = Release|Any CPU
		{8699610F-2930-4521-95E7-76B1D72B8B8E}.Debug|Any CPU.ActiveCfg = Debug|Win32
		{8699610F-2930-4521-95E7-76B1D72B8B8E}.Debug|Mixed Platforms.ActiveCfg = Debug|Win32
		{8699610F-2930-4521-95E7-76B1D72B8B8E}.Debug|Mixed Platforms.Build.0 = Debug|Win32
		{8699610F-2930-4521-95E7-76B1D72B8B8E}.Debug|Win32.ActiveCfg = Debug|Win32
		{8699610F-2930-4521-95E7-76B1D72B8B8E}.Debug|Win32.Build.0 = Debug|Win32
		{8699610F-2930-4521-95E7-76B1D72B8B8E}.Debug|x64.ActiveCfg = Debug|Win32
		{8699610F-2930-4521-95E7-76B1D72B8B8E}.Debug|x86.ActiveCfg = Debug|Win32
		{8699610F-2930-4521-95E7-76B1D72B8B8E}.Release|Any CPU.ActiveCfg = Release|Win32
		{8699610F-2930-4521-95E7-76B1D72B8B8E}.Release|Mixed Platforms.ActiveCfg = Release|Win32
		{8699610F-2930-4521-95E7-76B1D72B8B8E}.Release|Mixed Platforms.Build.0 = Release|Win32
		{8699610F-2930-4521-95E7-76B1D72B8B8E}.Release|Win32.ActiveCfg = Release|Win32
		{8699610F-2930-4521-95E7-76B1D72B8B8E}.Release|Win32.Build.0 = Release|Win32
		{8699610F-2930-4521-95E7-76B1D72B8B8E}.Release|x64.ActiveCfg = Release|Win32
		{8699610F-2930-4521-95E7-76B1D72B8B8E}.Release|x86.ActiveCfg = Release|Win32
	EndGlobalSection
	GlobalSection(SolutionProperties) = preSolution
		HideSolutionNode = FALSE
	EndGlobalSection
	GlobalSection(NestedProjects) = preSolution
		{36EAD8A8-7B1B-4FA7-8A1C-838D064A382C} = {63E1E539-BBD9-4F24-8B82-EC40B74E44FB}
		{0A83690C-B93F-46EA-9F45-C4178B81C627} = {63E1E539-BBD9-4F24-8B82-EC40B74E44FB}
		{3443CCF0-9CA3-46BD-A1D8-5455AA178F0F} = {63E1E539-BBD9-4F24-8B82-EC40B74E44FB}
		{A0FE06A2-F31B-49DE-8901-917B5D593E43} = {200EF317-FE3F-414F-B900-D1203F29D884}
		{BBDF2EFE-BFE6-4880-977B-4724C3A67D76} = {200EF317-FE3F-414F-B900-D1203F29D884}
		{4581ADEF-B013-4EA9-90C5-D585637008CA} = {200EF317-FE3F-414F-B900-D1203F29D884}
		{81FFE989-B0E1-4865-89D1-A89C38E2CBF6} = {200EF317-FE3F-414F-B900-D1203F29D884}
		{0DE9FD0F-E093-4648-ABF3-B56ABD60117C} = {200EF317-FE3F-414F-B900-D1203F29D884}
		{1B99C9ED-7AF1-4D48-AC9D-A97CF30E1A82} = {200EF317-FE3F-414F-B900-D1203F29D884}
		{55B61130-98B2-42FB-9D04-DD8A2589217A} = {200EF317-FE3F-414F-B900-D1203F29D884}
		{8699610F-2930-4521-95E7-76B1D72B8B8E} = {200EF317-FE3F-414F-B900-D1203F29D884}
		{21BE10DE-C065-4442-98DF-9AA7C1B5C0E4} = {16AE5C92-6A32-4D8A-88A1-24FD13B05C64}
		{0F85428B-E036-4AEA-957F-7DAE9572EDEA} = {16AE5C92-6A32-4D8A-88A1-24FD13B05C64}
		{86D2D015-EF66-41E0-874F-58685307203D} = {16AE5C92-6A32-4D8A-88A1-24FD13B05C64}
		{4AB4670B-1C99-41F5-943F-E121385B4E56} = {16AE5C92-6A32-4D8A-88A1-24FD13B05C64}
	EndGlobalSection
EndGlobal
